{
  "name": "ts-def",
  "version": "1.0.0",
  "lockfileVersion": 1,
  "requires": true,
  "dependencies": {
    "@types/node": {
      "version": "10.1.2",
      "resolved": "https://registry.npmjs.org/@types/node/-/node-10.1.2.tgz",
      "integrity": "sha512-bjk1RIeZBCe/WukrFToIVegOf91Pebr8cXYBwLBIsfiGWVQ+ifwWsT59H3RxrWzWrzd1l/Amk1/ioY5Fq3/bpA==",
      "dev": true
    },
    "typescript": {
      "version": "2.9.0-dev.20180519",
      "resolved": "https://registry.npmjs.org/typescript/-/typescript-2.9.0-dev.20180519.tgz",
      "integrity": "sha512-WQKPDm2m+LlNYCpwsi0AClQW+S4JxcEzYIoBVw+259yL3JPDRok5a9J+3jKh+2u54KVdoKTSVNJdp2WxvMtZAA==",
      "dev": true
    }
  }
}
